// !$*UTF8*$!
{
	archiveVersion = 1;
	classes = {
	};
	objectVersion = 50;
	objects = {

/* Begin PBXBuildFile section */
		DF46D47E26CA285E00284A49 /* NavbarButton.swift in Sources */ = {isa = PBXBuildFile; fileRef = DF46D47D26CA285E00284A49 /* NavbarButton.swift */; };
		DF46D48026CA4F6800284A49 /* DeviceButton.swift in Sources */ = {isa = PBXBuildFile; fileRef = DF46D47F26CA4F6800284A49 /* DeviceButton.swift */; };
		DF9BCEBC26CA12800079289F /* AppDelegate.swift in Sources */ = {isa = PBXBuildFile; fileRef = DF9BCEBB26CA12800079289F /* AppDelegate.swift */; };
		DF9BCEBE26CA12800079289F /* SceneDelegate.swift in Sources */ = {isa = PBXBuildFile; fileRef = DF9BCEBD26CA12800079289F /* SceneDelegate.swift */; };
		DF9BCEC026CA12800079289F /* HomeViewController.swift in Sources */ = {isa = PBXBuildFile; fileRef = DF9BCEBF26CA12800079289F /* HomeViewController.swift */; };
		DF9BCEC326CA12800079289F /* Main.storyboard in Resources */ = {isa = PBXBuildFile; fileRef = DF9BCEC126CA12800079289F /* Main.storyboard */; };
		DF9BCEC526CA12840079289F /* Assets.xcassets in Resources */ = {isa = PBXBuildFile; fileRef = DF9BCEC426CA12840079289F /* Assets.xcassets */; };
		DF9BCEC826CA12840079289F /* LaunchScreen.storyboard in Resources */ = {isa = PBXBuildFile; fileRef = DF9BCEC626CA12840079289F /* LaunchScreen.storyboard */; };
/* End PBXBuildFile section */

/* Begin PBXFileReference section */
		DF46D47D26CA285E00284A49 /* NavbarButton.swift */ = {isa = PBXFileReference; lastKnownFileType = sourcecode.swift; path = NavbarButton.swift; sourceTree = "<group>"; };
		DF46D47F26CA4F6800284A49 /* DeviceButton.swift */ = {isa = PBXFileReference; lastKnownFileType = sourcecode.swift; path = DeviceButton.swift; sourceTree = "<group>"; };
		DF9BCEB826CA12800079289F /* Lamp Product.app */ = {isa = PBXFileReference; explicitFileType = wrapper.application; includeInIndex = 0; path = "Lamp Product.app"; sourceTree = BUILT_PRODUCTS_DIR; };
		DF9BCEBB26CA12800079289F /* AppDelegate.swift */ = {isa = PBXFileReference; lastKnownFileType = sourcecode.swift; path = AppDelegate.swift; sourceTree = "<group>"; };
		DF9BCEBD26CA12800079289F /* SceneDelegate.swift */ = {isa = PBXFileReference; lastKnownFileType = sourcecode.swift; path = SceneDelegate.swift; sourceTree = "<group>"; };
		DF9BCEBF26CA12800079289F /* HomeViewController.swift */ = {isa = PBXFileReference; lastKnownFileType = sourcecode.swift; path = HomeViewController.swift; sourceTree = "<group>"; };
		DF9BCEC226CA12800079289F /* Base */ = {isa = PBXFileReference; lastKnownFileType = file.storyboard; name = Base; path = Base.lproj/Main.storyboard; sourceTree = "<group>"; };
		DF9BCEC426CA12840079289F /* Assets.xcassets */ = {isa = PBXFileReference; lastKnownFileType = folder.assetcatalog; path = Assets.xcassets; sourceTree = "<group>"; };
		DF9BCEC726CA12840079289F /* Base */ = {isa = PBXFileReference; lastKnownFileType = file.storyboard; name = Base; path = Base.lproj/LaunchScreen.storyboard; sourceTree = "<group>"; };
		DF9BCEC926CA12840079289F /* Info.plist */ = {isa = PBXFileReference; lastKnownFileType = text.plist.xml; path = Info.plist; sourceTree = "<group>"; };
/* End PBXFileReference section */

/* Begin PBXFrameworksBuildPhase section */
		DF9BCEB526CA12800079289F /* Frameworks */ = {
			isa = PBXFrameworksBuildPhase;
			buildActionMask = 2147483647;
			files = (
			);
			runOnlyForDeploymentPostprocessing = 0;
		};
/* End PBXFrameworksBuildPhase section */

/* Begin PBXGroup section */
		DF46D47926CA177B00284A49 /* Controllers */ = {
			isa = PBXGroup;
			children = (
				DF9BCEBF26CA12800079289F /* HomeViewController.swift */,
			);
			path = Controllers;
			sourceTree = "<group>";
		};
		DF46D47A26CA178E00284A49 /* Models */ = {
			isa = PBXGroup;
			children = (
			);
			path = Models;
			sourceTree = "<group>";
		};
		DF46D47B26CA179300284A49 /* Views */ = {
			isa = PBXGroup;
			children = (
				DF46D47D26CA285E00284A49 /* NavbarButton.swift */,
				DF46D47F26CA4F6800284A49 /* DeviceButton.swift */,
			);
			path = Views;
			sourceTree = "<group>";
		};
		DF46D47C26CA17CC00284A49 /* Storyboard */ = {
			isa = PBXGroup;
			children = (
				DF9BCEC126CA12800079289F /* Main.storyboard */,
				DF9BCEC626CA12840079289F /* LaunchScreen.storyboard */,
			);
			path = Storyboard;
			sourceTree = "<group>";
		};
		DF9BCEAF26CA12800079289F = {
			isa = PBXGroup;
			children = (
				DF9BCEBA26CA12800079289F /* Lamp Product */,
				DF9BCEB926CA12800079289F /* Products */,
			);
			sourceTree = "<group>";
		};
		DF9BCEB926CA12800079289F /* Products */ = {
			isa = PBXGroup;
			children = (
				DF9BCEB826CA12800079289F /* Lamp Product.app */,
			);
			name = Products;
			sourceTree = "<group>";
		};
		DF9BCEBA26CA12800079289F /* Lamp Product */ = {
			isa = PBXGroup;
			children = (
				DF46D47C26CA17CC00284A49 /* Storyboard */,
				DF46D47B26CA179300284A49 /* Views */,
				DF46D47A26CA178E00284A49 /* Models */,
				DF46D47926CA177B00284A49 /* Controllers */,
				DF9BCEBB26CA12800079289F /* AppDelegate.swift */,
				DF9BCEBD26CA12800079289F /* SceneDelegate.swift */,
				DF9BCEC426CA12840079289F /* Assets.xcassets */,
				DF9BCEC926CA12840079289F /* Info.plist */,
			);
			path = "Lamp Product";
			sourceTree = "<group>";
		};
/* End PBXGroup section */

/* Begin PBXNativeTarget section */
		DF9BCEB726CA12800079289F /* Lamp Product */ = {
			isa = PBXNativeTarget;
			buildConfigurationList = DF9BCECC26CA12840079289F /* Build configuration list for PBXNativeTarget "Lamp Product" */;
			buildPhases = (
				DF9BCEB426CA12800079289F /* Sources */,
				DF9BCEB526CA12800079289F /* Frameworks */,
				DF9BCEB626CA12800079289F /* Resources */,
			);
			buildRules = (
			);
			dependencies = (
			);
			name = "Lamp Product";
			productName = "Lamp Product";
			productReference = DF9BCEB826CA12800079289F /* Lamp Product.app */;
			productType = "com.apple.product-type.application";
		};
/* End PBXNativeTarget section */

/* Begin PBXProject section */
		DF9BCEB026CA12800079289F /* Project object */ = {
			isa = PBXProject;
			attributes = {
				LastSwiftUpdateCheck = 1250;
				LastUpgradeCheck = 1250;
				TargetAttributes = {
					DF9BCEB726CA12800079289F = {
						CreatedOnToolsVersion = 12.5.1;
					};
				};
			};
			buildConfigurationList = DF9BCEB326CA12800079289F /* Build configuration list for PBXProject "Lamp Product" */;
			compatibilityVersion = "Xcode 9.3";
			developmentRegion = en;
			hasScannedForEncodings = 0;
			knownRegions = (
				en,
				Base,
			);
			mainGroup = DF9BCEAF26CA12800079289F;
			productRefGroup = DF9BCEB926CA12800079289F /* Products */;
			projectDirPath = "";
			projectRoot = "";
			targets = (
				DF9BCEB726CA12800079289F /* Lamp Product */,
			);
		};
/* End PBXProject section */

/* Begin PBXResourcesBuildPhase section */
		DF9BCEB626CA12800079289F /* Resources */ = {
			isa = PBXResourcesBuildPhase;
			buildActionMask = 2147483647;
			files = (
				DF9BCEC826CA12840079289F /* LaunchScreen.storyboard in Resources */,
				DF9BCEC526CA12840079289F /* Assets.xcassets in Resources */,
				DF9BCEC326CA12800079289F /* Main.storyboard in Resources */,
			);
			runOnlyForDeploymentPostprocessing = 0;
		};
/* End PBXResourcesBuildPhase section */

/* Begin PBXSourcesBuildPhase section */
		DF9BCEB426CA12800079289F /* Sources */ = {
			isa = PBXSourcesBuildPhase;
			buildActionMask = 2147483647;
			files = (
				DF9BCEC026CA12800079289F /* HomeViewController.swift in Sources */,
				DF9BCEBC26CA12800079289F /* AppDelegate.swift in Sources */,
				DF46D48026CA4F6800284A49 /* DeviceButton.swift in Sources */,
				DF9BCEBE26CA12800079289F /* SceneDelegate.swift in Sources */,
				DF46D47E26CA285E00284A49 /* NavbarButton.swift in Sources */,
			);
			runOnlyForDeploymentPostprocessing = 0;
		};
/* End PBXSourcesBuildPhase section */

/* Begin PBXVariantGroup section */
		DF9BCEC126CA12800079289F /* Main.storyboard */ = {
			isa = PBXVariantGroup;
			children = (
				DF9BCEC226CA12800079289F /* Base */,
			);
			name = Main.storyboard;
			sourceTree = "<group>";
		};
		DF9BCEC626CA12840079289F /* LaunchScreen.storyboard */ = {
			isa = PBXVariantGroup;
			children = (
				DF9BCEC726CA12840079289F /* Base */,
			);
			name = LaunchScreen.storyboard;
			sourceTree = "<group>";
		};
/* End PBXVariantGroup section */

/* Begin XCBuildConfiguration section */
		DF9BCECA26CA12840079289F /* Debug */ = {
			isa = XCBuildConfiguration;
			buildSettings = {
				ALWAYS_SEARCH_USER_PATHS = NO;
				CLANG_ANALYZER_NONNULL = YES;
				CLANG_ANALYZER_NUMBER_OBJECT_CONVERSION = YES_AGGRESSIVE;
				CLANG_CXX_LANGUAGE_STANDARD = "gnu++14";
				CLANG_CXX_LIBRARY = "libc++";
				CLANG_ENABLE_MODULES = YES;
				CLANG_ENABLE_OBJC_ARC = YES;
				CLANG_ENABLE_OBJC_WEAK = YES;
				CLANG_WARN_BLOCK_CAPTURE_AUTORELEASING = YES;
				CLANG_WARN_BOOL_CONVERSION = YES;
				CLANG_WARN_COMMA = YES;
				CLANG_WARN_CONSTANT_CONVERSION = YES;
				CLANG_WARN_DEPRECATED_OBJC_IMPLEMENTATIONS = YES;
				CLANG_WARN_DIRECT_OBJC_ISA_USAGE = YES_ERROR;
				CLANG_WARN_DOCUMENTATION_COMMENTS = YES;
				CLANG_WARN_EMPTY_BODY = YES;
				CLANG_WARN_ENUM_CONVERSION = YES;
				CLANG_WARN_INFINITE_RECURSION = YES;
				CLANG_WARN_INT_CONVERSION = YES;
				CLANG_WARN_NON_LITERAL_NULL_CONVERSION = YES;
				CLANG_WARN_OBJC_IMPLICIT_RETAIN_SELF = YES;
				CLANG_WARN_OBJC_LITERAL_CONVERSION = YES;
				CLANG_WARN_OBJC_ROOT_CLASS = YES_ERROR;
				CLANG_WARN_QUOTED_INCLUDE_IN_FRAMEWORK_HEADER = YES;
				CLANG_WARN_RANGE_LOOP_ANALYSIS = YES;
				CLANG_WARN_STRICT_PROTOTYPES = YES;
				CLANG_WARN_SUSPICIOUS_MOVE = YES;
				CLANG_WARN_UNGUARDED_AVAILABILITY = YES_AGGRESSIVE;
				CLANG_WARN_UNREACHABLE_CODE = YES;
				CLANG_WARN__DUPLICATE_METHOD_MATCH = YES;
				COPY_PHASE_STRIP = NO;
				DEBUG_INFORMATION_FORMAT = dwarf;
				ENABLE_STRICT_OBJC_MSGSEND = YES;
				ENABLE_TESTABILITY = YES;
				GCC_C_LANGUAGE_STANDARD = gnu11;
				GCC_DYNAMIC_NO_PIC = NO;
				GCC_NO_COMMON_BLOCKS = YES;
				GCC_OPTIMIZATION_LEVEL = 0;
				GCC_PREPROCESSOR_DEFINITIONS = (
					"DEBUG=1",
					"$(inherited)",
				);
				GCC_WARN_64_TO_32_BIT_CONVERSION = YES;
				GCC_WARN_ABOUT_RETURN_TYPE = YES_ERROR;
				GCC_WARN_UNDECLARED_SELECTOR = YES;
				GCC_WARN_UNINITIALIZED_AUTOS = YES_AGGRESSIVE;
				GCC_WARN_UNUSED_FUNCTION = YES;
				GCC_WARN_UNUSED_VARIABLE = YES;
				IPHONEOS_DEPLOYMENT_TARGET = 14.5;
				MTL_ENABLE_DEBUG_INFO = INCLUDE_SOURCE;
				MTL_FAST_MATH = YES;
				ONLY_ACTIVE_ARCH = YES;
				SDKROOT = iphoneos;
				SWIFT_ACTIVE_COMPILATION_CONDITIONS = DEBUG;
				SWIFT_OPTIMIZATION_LEVEL = "-Onone";
			};
			name = Debug;
		};
		DF9BCECB26CA12840079289F /* Release */ = {
			isa = XCBuildConfiguration;
			buildSettings = {
				ALWAYS_SEARCH_USER_PATHS = NO;
				CLANG_ANALYZER_NONNULL = YES;
				CLANG_ANALYZER_NUMBER_OBJECT_CONVERSION = YES_AGGRESSIVE;
				CLANG_CXX_LANGUAGE_STANDARD = "gnu++14";
				CLANG_CXX_LIBRARY = "libc++";
				CLANG_ENABLE_MODULES = YES;
				CLANG_ENABLE_OBJC_ARC = YES;
				CLANG_ENABLE_OBJC_WEAK = YES;
				CLANG_WARN_BLOCK_CAPTURE_AUTORELEASING = YES;
				CLANG_WARN_BOOL_CONVERSION = YES;
				CLANG_WARN_COMMA = YES;
				CLANG_WARN_CONSTANT_CONVERSION = YES;
				CLANG_WARN_DEPRECATED_OBJC_IMPLEMENTATIONS = YES;
				CLANG_WARN_DIRECT_OBJC_ISA_USAGE = YES_ERROR;
				CLANG_WARN_DOCUMENTATION_COMMENTS = YES;
				CLANG_WARN_EMPTY_BODY = YES;
				CLANG_WARN_ENUM_CONVERSION = YES;
				CLANG_WARN_INFINITE_RECURSION = YES;
				CLANG_WARN_INT_CONVERSION = YES;
				CLANG_WARN_NON_LITERAL_NULL_CONVERSION = YES;
				CLANG_WARN_OBJC_IMPLICIT_RETAIN_SELF = YES;
				CLANG_WARN_OBJC_LITERAL_CONVERSION = YES;
				CLANG_WARN_OBJC_ROOT_CLASS = YES_ERROR;
				CLANG_WARN_QUOTED_INCLUDE_IN_FRAMEWORK_HEADER = YES;
				CLANG_WARN_RANGE_LOOP_ANALYSIS = YES;
				CLANG_WARN_STRICT_PROTOTYPES = YES;
				CLANG_WARN_SUSPICIOUS_MOVE = YES;
				CLANG_WARN_UNGUARDED_AVAILABILITY = YES_AGGRESSIVE;
				CLANG_WARN_UNREACHABLE_CODE = YES;
				CLANG_WARN__DUPLICATE_METHOD_MATCH = YES;
				COPY_PHASE_STRIP = NO;
				DEBUG_INFORMATION_FORMAT = "dwarf-with-dsym";
				ENABLE_NS_ASSERTIONS = NO;
				ENABLE_STRICT_OBJC_MSGSEND = YES;
				GCC_C_LANGUAGE_STANDARD = gnu11;
				GCC_NO_COMMON_BLOCKS = YES;
				GCC_WARN_64_TO_32_BIT_CONVERSION = YES;
				GCC_WARN_ABOUT_RETURN_TYPE = YES_ERROR;
				GCC_WARN_UNDECLARED_SELECTOR = YES;
				GCC_WARN_UNINITIALIZED_AUTOS = YES_AGGRESSIVE;
				GCC_WARN_UNUSED_FUNCTION = YES;
				GCC_WARN_UNUSED_VARIABLE = YES;
				IPHONEOS_DEPLOYMENT_TARGET = 14.5;
				MTL_ENABLE_DEBUG_INFO = NO;
				MTL_FAST_MATH = YES;
				SDKROOT = iphoneos;
				SWIFT_COMPILATION_MODE = wholemodule;
				SWIFT_OPTIMIZATION_LEVEL = "-O";
				VALIDATE_PRODUCT = YES;
			};
			name = Release;
		};
		DF9BCECD26CA12840079289F /* Debug */ = {
			isa = XCBuildConfiguration;
			buildSettings = {
				ASSETCATALOG_COMPILER_APPICON_NAME = AppIcon;
				ASSETCATALOG_COMPILER_GLOBAL_ACCENT_COLOR_NAME = AccentColor;
				CODE_SIGN_STYLE = Automatic;
				INFOPLIST_FILE = "Lamp Product/Info.plist";
				LD_RUNPATH_SEARCH_PATHS = (
					"$(inherited)",
					"@executable_path/Frameworks",
				);
				PRODUCT_BUNDLE_IDENTIFIER = "com.Turacle.Lamp-Product";
				PRODUCT_NAME = "$(TARGET_NAME)";
				SWIFT_VERSION = 5.0;
				TARGETED_DEVICE_FAMILY = "1,2";
			};
			name = Debug;
		};
		DF9BCECE26CA12840079289F /* Release */ = {
			isa = XCBuildConfiguration;
			buildSettings = {
				ASSETCATALOG_COMPILER_APPICON_NAME = AppIcon;
				ASSETCATALOG_COMPILER_GLOBAL_ACCENT_COLOR_NAME = AccentColor;
				CODE_SIGN_STYLE = Automatic;
				INFOPLIST_FILE = "Lamp Product/Info.plist";
				LD_RUNPATH_SEARCH_PATHS = (
					"$(inherited)",
					"@executable_path/Frameworks",
				);
				PRODUCT_BUNDLE_IDENTIFIER = "com.Turacle.Lamp-Product";
				PRODUCT_NAME = "$(TARGET_NAME)";
				SWIFT_VERSION = 5.0;
				TARGETED_DEVICE_FAMILY = "1,2";
			};
			name = Release;
		};
/* End XCBuildConfiguration section */

/* Begin XCConfigurationList section */
		DF9BCEB326CA12800079289F /* Build configuration list for PBXProject "Lamp Product" */ = {
			isa = XCConfigurationList;
			buildConfigurations = (
				DF9BCECA26CA12840079289F /* Debug */,
				DF9BCECB26CA12840079289F /* Release */,
			);
			defaultConfigurationIsVisible = 0;
			defaultConfigurationName = Release;
		};
		DF9BCECC26CA12840079289F /* Build configuration list for PBXNativeTarget "Lamp Product" */ = {
			isa = XCConfigurationList;
			buildConfigurations = (
				DF9BCECD26CA12840079289F /* Debug */,
				DF9BCECE26CA12840079289F /* Release */,
			);
			defaultConfigurationIsVisible = 0;
			defaultConfigurationName = Release;
		};
/* End XCConfigurationList section */
	};
	rootObject = DF9BCEB026CA12800079289F /* Project object */;
}
